// !$*UTF8*$!
{
	archiveVersion = 1;
	classes = {
	};
	objectVersion = 46;
	objects = {

/* Begin PBXBuildFile section */
		CAECF6D61BD3386100BE9357 /* AppDelegate.swift in Sources */ = {isa = PBXBuildFile; fileRef = CAECF6D51BD3386100BE9357 /* AppDelegate.swift */; };
		CAECF6D81BD3386100BE9357 /* ViewController.swift in Sources */ = {isa = PBXBuildFile; fileRef = CAECF6D71BD3386100BE9357 /* ViewController.swift */; };
		CAECF6DB1BD3386100BE9357 /* Main.storyboard in Resources */ = {isa = PBXBuildFile; fileRef = CAECF6D91BD3386100BE9357 /* Main.storyboard */; };
		CAECF6DD1BD3386100BE9357 /* Assets.xcassets in Resources */ = {isa = PBXBuildFile; fileRef = CAECF6DC1BD3386100BE9357 /* Assets.xcassets */; };
		CAECF6E01BD3386100BE9357 /* LaunchScreen.storyboard in Resources */ = {isa = PBXBuildFile; fileRef = CAECF6DE1BD3386100BE9357 /* LaunchScreen.storyboard */; };
/* End PBXBuildFile section */

/* Begin PBXFileReference section */
		CAECF6D21BD3386100BE9357 /* SuperCool.app */ = {isa = PBXFileReference; explicitFileType = wrapper.application; includeInIndex = 0; path = SuperCool.app; sourceTree = BUILT_PRODUCTS_DIR; };
		CAECF6D51BD3386100BE9357 /* AppDelegate.swift */ = {isa = PBXFileReference; lastKnownFileType = sourcecode.swift; path = AppDelegate.swift; sourceTree = "<group>"; };
		CAECF6D71BD3386100BE9357 /* ViewController.swift */ = {isa = PBXFileReference; lastKnownFileType = sourcecode.swift; path = ViewController.swift; sourceTree = "<group>"; };
		CAECF6DA1BD3386100BE9357 /* Base */ = {isa = PBXFileReference; lastKnownFileType = file.storyboard; name = Base; path = Base.lproj/Main.storyboard; sourceTree = "<group>"; };
		CAECF6DC1BD3386100BE9357 /* Assets.xcassets */ = {isa = PBXFileReference; lastKnownFileType = folder.assetcatalog; path = Assets.xcassets; sourceTree = "<group>"; };
		CAECF6DF1BD3386100BE9357 /* Base */ = {isa = PBXFileReference; lastKnownFileType = file.storyboard; name = Base; path = Base.lproj/LaunchScreen.storyboard; sourceTree = "<group>"; };
		CAECF6E11BD3386100BE9357 /* Info.plist */ = {isa = PBXFileReference; lastKnownFileType = text.plist.xml; path = Info.plist; sourceTree = "<group>"; };
/* End PBXFileReference section */

/* Begin PBXFrameworksBuildPhase section */
		CAECF6CF1BD3386100BE9357 /* Frameworks */ = {
			isa = PBXFrameworksBuildPhase;
			buildActionMask = 2147483647;
			files = (
			);
			runOnlyForDeploymentPostprocessing = 0;
		};
/* End PBXFrameworksBuildPhase section */

/* Begin PBXGroup section */
		CAECF6C91BD3386100BE9357 = {
			isa = PBXGroup;
			children = (
				CAECF6D41BD3386100BE9357 /* SuperCool */,
				CAECF6D31BD3386100BE9357 /* Products */,
			);
			sourceTree = "<group>";
		};
		CAECF6D31BD3386100BE9357 /* Products */ = {
			isa = PBXGroup;
			children = (
				CAECF6D21BD3386100BE9357 /* SuperCool.app */,
			);
			name = Products;
			sourceTree = "<group>";
		};
		CAECF6D41BD3386100BE9357 /* SuperCool */ = {
			isa = PBXGroup;
			children = (
				CAECF6D51BD3386100BE9357 /* AppDelegate.swift */,
				CAECF6D71BD3386100BE9357 /* ViewController.swift */,
				CAECF6D91BD3386100BE9357 /* Main.storyboard */,
				CAECF6DC1BD3386100BE9357 /* Assets.xcassets */,
				CAECF6DE1BD3386100BE9357 /* LaunchScreen.storyboard */,
				CAECF6E11BD3386100BE9357 /* Info.plist */,
			);
			path = SuperCool;
			sourceTree = "<group>";
		};
/* End PBXGroup section */

/* Begin PBXNativeTarget section */
		CAECF6D11BD3386100BE9357 /* SuperCool */ = {
			isa = PBXNativeTarget;
			buildConfigurationList = CAECF6E41BD3386100BE9357 /* Build configuration list for PBXNativeTarget "SuperCool" */;
			buildPhases = (
				CAECF6CE1BD3386100BE9357 /* Sources */,
				CAECF6CF1BD3386100BE9357 /* Frameworks */,
				CAECF6D01BD3386100BE9357 /* Resources */,
			);
			buildRules = (
			);
			dependencies = (
			);
			name = SuperCool;
			productName = SuperCool;
			productReference = CAECF6D21BD3386100BE9357 /* SuperCool.app */;
			productType = "com.apple.product-type.application";
		};
/* End PBXNativeTarget section */

/* Begin PBXProject section */
		CAECF6CA1BD3386100BE9357 /* Project object */ = {
			isa = PBXProject;
			attributes = {
				LastUpgradeCheck = 0700;
				ORGANIZATIONNAME = "Amogh Humraskar";
				TargetAttributes = {
					CAECF6D11BD3386100BE9357 = {
						CreatedOnToolsVersion = 7.0.1;
						DevelopmentTeam = UJD8NV946Z;
					};
				};
			};
			buildConfigurationList = CAECF6CD1BD3386100BE9357 /* Build configuration list for PBXProject "SuperCool" */;
			compatibilityVersion = "Xcode 3.2";
			developmentRegion = English;
			hasScannedForEncodings = 0;
			knownRegions = (
				en,
				Base,
			);
			mainGroup = CAECF6C91BD3386100BE9357;
			productRefGroup = CAECF6D31BD3386100BE9357 /* Products */;
			projectDirPath = "";
			projectRoot = "";
			targets = (
				CAECF6D11BD3386100BE9357 /* SuperCool */,
			);
		};
/* End PBXProject section */

/* Begin PBXResourcesBuildPhase section */
		CAECF6D01BD3386100BE9357 /* Resources */ = {
			isa = PBXResourcesBuildPhase;
			buildActionMask = 2147483647;
			files = (
				CAECF6E01BD3386100BE9357 /* LaunchScreen.storyboard in Resources */,
				CAECF6DD1BD3386100BE9357 /* Assets.xcassets in Resources */,
				CAECF6DB1BD3386100BE9357 /* Main.storyboard in Resources */,
			);
			runOnlyForDeploymentPostprocessing = 0;
		};
/* End PBXResourcesBuildPhase section */

/* Begin PBXSourcesBuildPhase section */
		CAECF6CE1BD3386100BE9357 /* Sources */ = {
			isa = PBXSourcesBuildPhase;
			buildActionMask = 2147483647;
			files = (
				CAECF6D81BD3386100BE9357 /* ViewController.swift in Sources */,
				CAECF6D61BD3386100BE9357 /* AppDelegate.swift in Sources */,
			);
			runOnlyForDeploymentPostprocessing = 0;
		};
/* End PBXSourcesBuildPhase section */

/* Begin PBXVariantGroup section */
		CAECF6D91BD3386100BE9357 /* Main.storyboard */ = {
			isa = PBXVariantGroup;
			children = (
				CAECF6DA1BD3386100BE9357 /* Base */,
			);
			name = Main.storyboard;
			sourceTree = "<group>";
		};
		CAECF6DE1BD3386100BE9357 /* LaunchScreen.storyboard */ = {
			isa = PBXVariantGroup;
			children = (
				CAECF6DF1BD3386100BE9357 /* Base */,
			);
			name = LaunchScreen.storyboard;
			sourceTree = "<group>";
		};
/* End PBXVariantGroup section */

/* Begin XCBuildConfiguration section */
		CAECF6E21BD3386100BE9357 /* Debug */ = {
			isa = XCBuildConfiguration;
			buildSettings = {
				ALWAYS_SEARCH_USER_PATHS = NO;
				CLANG_CXX_LANGUAGE_STANDARD = "gnu++0x";
				CLANG_CXX_LIBRARY = "libc++";
				CLANG_ENABLE_MODULES = YES;
				CLANG_ENABLE_OBJC_ARC = YES;
				CLANG_WARN_BOOL_CONVERSION = YES;
				CLANG_WARN_CONSTANT_CONVERSION = YES;
				CLANG_WARN_DIRECT_OBJC_ISA_USAGE = YES_ERROR;
				CLANG_WARN_EMPTY_BODY = YES;
				CLANG_WARN_ENUM_CONVERSION = YES;
				CLANG_WARN_INT_CONVERSION = YES;
				CLANG_WARN_OBJC_ROOT_CLASS = YES_ERROR;
				CLANG_WARN_UNREACHABLE_CODE = YES;
				CLANG_WARN__DUPLICATE_METHOD_MATCH = YES;
				"CODE_SIGN_IDENTITY[sdk=iphoneos*]" = "iPhone Developer";
				COPY_PHASE_STRIP = NO;
				DEBUG_INFORMATION_FORMAT = dwarf;
				ENABLE_STRICT_OBJC_MSGSEND = YES;
				ENABLE_TESTABILITY = YES;
				GCC_C_LANGUAGE_STANDARD = gnu99;
				GCC_DYNAMIC_NO_PIC = NO;
				GCC_NO_COMMON_BLOCKS = YES;
				GCC_OPTIMIZATION_LEVEL = 0;
				GCC_PREPROCESSOR_DEFINITIONS = (
					"DEBUG=1",
					"$(inherited)",
				);
				GCC_WARN_64_TO_32_BIT_CONVERSION = YES;
				GCC_WARN_ABOUT_RETURN_TYPE = YES_ERROR;
				GCC_WARN_UNDECLARED_SELECTOR = YES;
				GCC_WARN_UNINITIALIZED_AUTOS = YES_AGGRESSIVE;
				GCC_WARN_UNUSED_FUNCTION = YES;
				GCC_WARN_UNUSED_VARIABLE = YES;
				IPHONEOS_DEPLOYMENT_TARGET = 9.0;
				MTL_ENABLE_DEBUG_INFO = YES;
				ONLY_ACTIVE_ARCH = YES;
				SDKROOT = iphoneos;
				SWIFT_OPTIMIZATION_LEVEL = "-Onone";
			};
			name = Debug;
		};
		CAECF6E31BD3386100BE9357 /* Release */ = {
			isa = XCBuildConfiguration;
			buildSettings = {
				ALWAYS_SEARCH_USER_PATHS = NO;
				CLANG_CXX_LANGUAGE_STANDARD = "gnu++0x";
				CLANG_CXX_LIBRARY = "libc++";
				CLANG_ENABLE_MODULES = YES;
				CLANG_ENABLE_OBJC_ARC = YES;
				CLANG_WARN_BOOL_CONVERSION = YES;
				CLANG_WARN_CONSTANT_CONVERSION = YES;
				CLANG_WARN_DIRECT_OBJC_ISA_USAGE = YES_ERROR;
				CLANG_WARN_EMPTY_BODY = YES;
				CLANG_WARN_ENUM_CONVERSION = YES;
				CLANG_WARN_INT_CONVERSION = YES;
				CLANG_WARN_OBJC_ROOT_CLASS = YES_ERROR;
				CLANG_WARN_UNREACHABLE_CODE = YES;
				CLANG_WARN__DUPLICATE_METHOD_MATCH = YES;
				"CODE_SIGN_IDENTITY[sdk=iphoneos*]" = "iPhone Developer";
				COPY_PHASE_STRIP = NO;
				DEBUG_INFORMATION_FORMAT = "dwarf-with-dsym";
				ENABLE_NS_ASSERTIONS = NO;
				ENABLE_STRICT_OBJC_MSGSEND = YES;
				GCC_C_LANGUAGE_STANDARD = gnu99;
				GCC_NO_COMMON_BLOCKS = YES;
				GCC_WARN_64_TO_32_BIT_CONVERSION = YES;
				GCC_WARN_ABOUT_RETURN_TYPE = YES_ERROR;
				GCC_WARN_UNDECLARED_SELECTOR = YES;
				GCC_WARN_UNINITIALIZED_AUTOS = YES_AGGRESSIVE;
				GCC_WARN_UNUSED_FUNCTION = YES;
				GCC_WARN_UNUSED_VARIABLE = YES;
				IPHONEOS_DEPLOYMENT_TARGET = 9.0;
				MTL_ENABLE_DEBUG_INFO = NO;
				SDKROOT = iphoneos;
				VALIDATE_PRODUCT = YES;
			};
			name = Release;
		};
		CAECF6E51BD3386100BE9357 /* Debug */ = {
			isa = XCBuildConfiguration;
			buildSettings = {
				ASSETCATALOG_COMPILER_APPICON_NAME = AppIcon;
				CODE_SIGN_IDENTITY = "iPhone Developer";
				"CODE_SIGN_IDENTITY[sdk=iphoneos*]" = "iPhone Developer";
				INFOPLIST_FILE = SuperCool/Info.plist;
				LD_RUNPATH_SEARCH_PATHS = "$(inherited) @executable_path/Frameworks";
				PRODUCT_BUNDLE_IDENTIFIER = Home.SuperCool;
				PRODUCT_NAME = "$(TARGET_NAME)";
				PROVISIONING_PROFILE = "";
			};
			name = Debug;
		};
		CAECF6E61BD3386100BE9357 /* Release */ = {
			isa = XCBuildConfiguration;
			buildSettings = {
				ASSETCATALOG_COMPILER_APPICON_NAME = AppIcon;
				CODE_SIGN_IDENTITY = "iPhone Developer";
				"CODE_SIGN_IDENTITY[sdk=iphoneos*]" = "iPhone Developer";
				INFOPLIST_FILE = SuperCool/Info.plist;
				LD_RUNPATH_SEARCH_PATHS = "$(inherited) @executable_path/Frameworks";
				PRODUCT_BUNDLE_IDENTIFIER = Home.SuperCool;
				PRODUCT_NAME = "$(TARGET_NAME)";
				PROVISIONING_PROFILE = "";
			};
			name = Release;
		};
/* End XCBuildConfiguration section */

/* Begin XCConfigurationList section */
		CAECF6CD1BD3386100BE9357 /* Build configuration list for PBXProject "SuperCool" */ = {
			isa = XCConfigurationList;
			buildConfigurations = (
				CAECF6E21BD3386100BE9357 /* Debug */,
				CAECF6E31BD3386100BE9357 /* Release */,
			);
			defaultConfigurationIsVisible = 0;
			defaultConfigurationName = Release;
		};
		CAECF6E41BD3386100BE9357 /* Build configuration list for PBXNativeTarget "SuperCool" */ = {
			isa = XCConfigurationList;
			buildConfigurations = (
				CAECF6E51BD3386100BE9357 /* Debug */,
				CAECF6E61BD3386100BE9357 /* Release */,
			);
			defaultConfigurationIsVisible = 0;
		};
/* End XCConfigurationList section */
	};
	rootObject = CAECF6CA1BD3386100BE9357 /* Project object */;
}
